
Microsoft Visual Studio Solution File, Format Version 12.00
# Visual Studio Version 17
VisualStudioVersion = 17.4.33213.308
MinimumVisualStudioVersion = 10.0.40219.1
Project("{FAE04EC0-301F-11D3-BF4B-00C04F79EFBC}") = "Odev01_04_02_2023", "Odev01_04_02_2023.csproj", "{D431887F-B981-4B15-865D-53BC84673C5F}"
EndProject
Global
	GlobalSection(SolutionConfigurationPlatforms) = preSolution
		Debug|Any CPU = Debug|Any CPU
		Release|Any CPU = Release|Any CPU
	EndGlobalSection
	GlobalSection(ProjectConfigurationPlatforms) = postSolution
		{D431887F-B981-4B15-865D-53BC84673C5F}.Debug|Any CPU.ActiveCfg = Debug|Any CPU
		{D431887F-B981-4B15-865D-53BC84673C5F}.Debug|Any CPU.Build.0 = Debug|Any CPU
		{D431887F-B981-4B15-865D-53BC84673C5F}.Release|Any CPU.ActiveCfg = Release|Any CPU
		{D431887F-B981-4B15-865D-53BC84673C5F}.Release|Any CPU.Build.0 = Release|Any CPU
	EndGlobalSection
	GlobalSection(SolutionProperties) = preSolution
		HideSolutionNode = FALSE
	EndGlobalSection
	GlobalSection(ExtensibilityGlobals) = postSolution
		SolutionGuid = {6955DDB2-70BD-44B7-8AA2-39BF048E0C81}
	EndGlobalSection
EndGlobal
