
Microsoft Visual Studio Solution File, Format Version 12.00
# Visual Studio Version 17
VisualStudioVersion = 17.4.33213.308
MinimumVisualStudioVersion = 10.0.40219.1
Project("{FAE04EC0-301F-11D3-BF4B-00C04F79EFBC}") = "Odev03_04_02_2023", "Odev03_04_02_2023.csproj", "{547CA25A-3E4D-43CF-9DEB-7F1F4AAF3EBD}"
EndProject
Global
	GlobalSection(SolutionConfigurationPlatforms) = preSolution
		Debug|Any CPU = Debug|Any CPU
		Release|Any CPU = Release|Any CPU
	EndGlobalSection
	GlobalSection(ProjectConfigurationPlatforms) = postSolution
		{547CA25A-3E4D-43CF-9DEB-7F1F4AAF3EBD}.Debug|Any CPU.ActiveCfg = Debug|Any CPU
		{547CA25A-3E4D-43CF-9DEB-7F1F4AAF3EBD}.Debug|Any CPU.Build.0 = Debug|Any CPU
		{547CA25A-3E4D-43CF-9DEB-7F1F4AAF3EBD}.Release|Any CPU.ActiveCfg = Release|Any CPU
		{547CA25A-3E4D-43CF-9DEB-7F1F4AAF3EBD}.Release|Any CPU.Build.0 = Release|Any CPU
	EndGlobalSection
	GlobalSection(SolutionProperties) = preSolution
		HideSolutionNode = FALSE
	EndGlobalSection
	GlobalSection(ExtensibilityGlobals) = postSolution
		SolutionGuid = {E08F4D24-0FF3-48FC-AE0E-EE6934294A6D}
	EndGlobalSection
EndGlobal
